// !$*UTF8*$!
{
	archiveVersion = 1;
	classes = {
	};
	objectVersion = 56;
	objects = {

/* Begin PBXBuildFile section */
		912CB13C2BF2D15A00D124C5 /* array.c in Sources */ = {isa = PBXBuildFile; fileRef = 912CB13B2BF2D15A00D124C5 /* array.c */; };
		914B9CE02BF298860021E8AB /* libSDL2.dylib in Frameworks */ = {isa = PBXBuildFile; fileRef = 914B9CDF2BF298860021E8AB /* libSDL2.dylib */; };
		914B9CE12BF298860021E8AB /* libSDL2.dylib in Embed Libraries */ = {isa = PBXBuildFile; fileRef = 914B9CDF2BF298860021E8AB /* libSDL2.dylib */; settings = {ATTRIBUTES = (CodeSignOnCopy, ); }; };
		914B9CF72BF299E60021E8AB /* display.c in Sources */ = {isa = PBXBuildFile; fileRef = 914B9CED2BF299B00021E8AB /* display.c */; };
		914B9CF82BF299E60021E8AB /* main.c in Sources */ = {isa = PBXBuildFile; fileRef = 914B9CEF2BF299B00021E8AB /* main.c */; };
		914B9CF92BF299E60021E8AB /* mesh.c in Sources */ = {isa = PBXBuildFile; fileRef = 914B9CF02BF299B00021E8AB /* mesh.c */; };
		914B9CFA2BF299E60021E8AB /* triangle.c in Sources */ = {isa = PBXBuildFile; fileRef = 914B9CF22BF299B00021E8AB /* triangle.c */; };
		914B9CFB2BF299E60021E8AB /* vector.c in Sources */ = {isa = PBXBuildFile; fileRef = 914B9CF42BF299B00021E8AB /* vector.c */; };
/* End PBXBuildFile section */

/* Begin PBXCopyFilesBuildPhase section */
		914B9CC82BF294740021E8AB /* CopyFiles */ = {
			isa = PBXCopyFilesBuildPhase;
			buildActionMask = 2147483647;
			dstPath = /usr/share/man/man1/;
			dstSubfolderSpec = 0;
			files = (
			);
			runOnlyForDeploymentPostprocessing = 1;
		};
		914B9CE22BF298860021E8AB /* Embed Libraries */ = {
			isa = PBXCopyFilesBuildPhase;
			buildActionMask = 2147483647;
			dstPath = "";
			dstSubfolderSpec = 10;
			files = (
				914B9CE12BF298860021E8AB /* libSDL2.dylib in Embed Libraries */,
			);
			name = "Embed Libraries";
			runOnlyForDeploymentPostprocessing = 0;
		};
/* End PBXCopyFilesBuildPhase section */

/* Begin PBXFileReference section */
		912CB13A2BF2D15A00D124C5 /* array.h */ = {isa = PBXFileReference; lastKnownFileType = sourcecode.c.h; path = array.h; sourceTree = "<group>"; };
		912CB13B2BF2D15A00D124C5 /* array.c */ = {isa = PBXFileReference; lastKnownFileType = sourcecode.c.c; path = array.c; sourceTree = "<group>"; };
		914B9CCA2BF294740021E8AB /* 3drenderer */ = {isa = PBXFileReference; explicitFileType = "compiled.mach-o.executable"; includeInIndex = 0; path = 3drenderer; sourceTree = BUILT_PRODUCTS_DIR; };
		914B9CDF2BF298860021E8AB /* libSDL2.dylib */ = {isa = PBXFileReference; lastKnownFileType = "compiled.mach-o.dylib"; name = libSDL2.dylib; path = ../../../../../../opt/brew/Cellar/sdl2/2.30.3/lib/libSDL2.dylib; sourceTree = "<group>"; };
		914B9CED2BF299B00021E8AB /* display.c */ = {isa = PBXFileReference; lastKnownFileType = sourcecode.c.c; path = display.c; sourceTree = "<group>"; };
		914B9CEE2BF299B00021E8AB /* display.h */ = {isa = PBXFileReference; lastKnownFileType = sourcecode.c.h; path = display.h; sourceTree = "<group>"; };
		914B9CEF2BF299B00021E8AB /* main.c */ = {isa = PBXFileReference; lastKnownFileType = sourcecode.c.c; path = main.c; sourceTree = "<group>"; };
		914B9CF02BF299B00021E8AB /* mesh.c */ = {isa = PBXFileReference; lastKnownFileType = sourcecode.c.c; path = mesh.c; sourceTree = "<group>"; };
		914B9CF12BF299B00021E8AB /* mesh.h */ = {isa = PBXFileReference; lastKnownFileType = sourcecode.c.h; path = mesh.h; sourceTree = "<group>"; };
		914B9CF22BF299B00021E8AB /* triangle.c */ = {isa = PBXFileReference; lastKnownFileType = sourcecode.c.c; path = triangle.c; sourceTree = "<group>"; };
		914B9CF32BF299B00021E8AB /* triangle.h */ = {isa = PBXFileReference; lastKnownFileType = sourcecode.c.h; path = triangle.h; sourceTree = "<group>"; };
		914B9CF42BF299B00021E8AB /* vector.c */ = {isa = PBXFileReference; lastKnownFileType = sourcecode.c.c; path = vector.c; sourceTree = "<group>"; };
		914B9CF52BF299B00021E8AB /* vector.h */ = {isa = PBXFileReference; lastKnownFileType = sourcecode.c.h; path = vector.h; sourceTree = "<group>"; };
/* End PBXFileReference section */

/* Begin PBXFrameworksBuildPhase section */
		914B9CC72BF294740021E8AB /* Frameworks */ = {
			isa = PBXFrameworksBuildPhase;
			buildActionMask = 2147483647;
			files = (
				914B9CE02BF298860021E8AB /* libSDL2.dylib in Frameworks */,
			);
			runOnlyForDeploymentPostprocessing = 0;
		};
/* End PBXFrameworksBuildPhase section */

/* Begin PBXGroup section */
		914B9CC12BF294740021E8AB = {
			isa = PBXGroup;
			children = (
				914B9CF62BF299B00021E8AB /* src */,
				914B9CCB2BF294740021E8AB /* Products */,
				914B9CDE2BF298860021E8AB /* Frameworks */,
			);
			sourceTree = "<group>";
		};
		914B9CCB2BF294740021E8AB /* Products */ = {
			isa = PBXGroup;
			children = (
				914B9CCA2BF294740021E8AB /* 3drenderer */,
			);
			name = Products;
			sourceTree = "<group>";
		};
		914B9CDE2BF298860021E8AB /* Frameworks */ = {
			isa = PBXGroup;
			children = (
				914B9CDF2BF298860021E8AB /* libSDL2.dylib */,
			);
			name = Frameworks;
			sourceTree = "<group>";
		};
		914B9CF62BF299B00021E8AB /* src */ = {
			isa = PBXGroup;
			children = (
				914B9CED2BF299B00021E8AB /* display.c */,
				914B9CEE2BF299B00021E8AB /* display.h */,
				914B9CEF2BF299B00021E8AB /* main.c */,
				914B9CF02BF299B00021E8AB /* mesh.c */,
				914B9CF12BF299B00021E8AB /* mesh.h */,
				914B9CF22BF299B00021E8AB /* triangle.c */,
				914B9CF32BF299B00021E8AB /* triangle.h */,
				914B9CF42BF299B00021E8AB /* vector.c */,
				914B9CF52BF299B00021E8AB /* vector.h */,
				912CB13A2BF2D15A00D124C5 /* array.h */,
				912CB13B2BF2D15A00D124C5 /* array.c */,
			);
			path = src;
			sourceTree = "<group>";
		};
/* End PBXGroup section */

/* Begin PBXNativeTarget section */
		914B9CC92BF294740021E8AB /* 3drenderer */ = {
			isa = PBXNativeTarget;
			buildConfigurationList = 914B9CD12BF294740021E8AB /* Build configuration list for PBXNativeTarget "3drenderer" */;
			buildPhases = (
				914B9CC62BF294740021E8AB /* Sources */,
				914B9CC72BF294740021E8AB /* Frameworks */,
				914B9CC82BF294740021E8AB /* CopyFiles */,
				914B9CE22BF298860021E8AB /* Embed Libraries */,
			);
			buildRules = (
			);
			dependencies = (
			);
			name = 3drenderer;
			productName = 3drenderer;
			productReference = 914B9CCA2BF294740021E8AB /* 3drenderer */;
			productType = "com.apple.product-type.tool";
		};
/* End PBXNativeTarget section */

/* Begin PBXProject section */
		914B9CC22BF294740021E8AB /* Project object */ = {
			isa = PBXProject;
			attributes = {
				BuildIndependentTargetsInParallel = 1;
				LastUpgradeCheck = 1540;
				TargetAttributes = {
					914B9CC92BF294740021E8AB = {
						CreatedOnToolsVersion = 15.3;
					};
				};
			};
			buildConfigurationList = 914B9CC52BF294740021E8AB /* Build configuration list for PBXProject "3drenderer" */;
			compatibilityVersion = "Xcode 14.0";
			developmentRegion = en;
			hasScannedForEncodings = 0;
			knownRegions = (
				en,
				Base,
			);
			mainGroup = 914B9CC12BF294740021E8AB;
			productRefGroup = 914B9CCB2BF294740021E8AB /* Products */;
			projectDirPath = "";
			projectRoot = "";
			targets = (
				914B9CC92BF294740021E8AB /* 3drenderer */,
			);
		};
/* End PBXProject section */

/* Begin PBXSourcesBuildPhase section */
		914B9CC62BF294740021E8AB /* Sources */ = {
			isa = PBXSourcesBuildPhase;
			buildActionMask = 2147483647;
			files = (
				914B9CF72BF299E60021E8AB /* display.c in Sources */,
				914B9CF82BF299E60021E8AB /* main.c in Sources */,
				914B9CF92BF299E60021E8AB /* mesh.c in Sources */,
				912CB13C2BF2D15A00D124C5 /* array.c in Sources */,
				914B9CFA2BF299E60021E8AB /* triangle.c in Sources */,
				914B9CFB2BF299E60021E8AB /* vector.c in Sources */,
			);
			runOnlyForDeploymentPostprocessing = 0;
		};
/* End PBXSourcesBuildPhase section */

/* Begin XCBuildConfiguration section */
		914B9CCF2BF294740021E8AB /* Debug */ = {
			isa = XCBuildConfiguration;
			buildSettings = {
				ALWAYS_SEARCH_USER_PATHS = NO;
				ASSETCATALOG_COMPILER_GENERATE_SWIFT_ASSET_SYMBOL_EXTENSIONS = YES;
				CLANG_ANALYZER_NONNULL = YES;
				CLANG_ANALYZER_NUMBER_OBJECT_CONVERSION = YES_AGGRESSIVE;
				CLANG_CXX_LANGUAGE_STANDARD = "gnu++20";
				CLANG_ENABLE_MODULES = YES;
				CLANG_ENABLE_OBJC_ARC = YES;
				CLANG_ENABLE_OBJC_WEAK = YES;
				CLANG_WARN_BLOCK_CAPTURE_AUTORELEASING = YES;
				CLANG_WARN_BOOL_CONVERSION = YES;
				CLANG_WARN_COMMA = YES;
				CLANG_WARN_CONSTANT_CONVERSION = YES;
				CLANG_WARN_DEPRECATED_OBJC_IMPLEMENTATIONS = YES;
				CLANG_WARN_DIRECT_OBJC_ISA_USAGE = YES_ERROR;
				CLANG_WARN_DOCUMENTATION_COMMENTS = YES;
				CLANG_WARN_EMPTY_BODY = YES;
				CLANG_WARN_ENUM_CONVERSION = YES;
				CLANG_WARN_INFINITE_RECURSION = YES;
				CLANG_WARN_INT_CONVERSION = YES;
				CLANG_WARN_NON_LITERAL_NULL_CONVERSION = YES;
				CLANG_WARN_OBJC_IMPLICIT_RETAIN_SELF = YES;
				CLANG_WARN_OBJC_LITERAL_CONVERSION = YES;
				CLANG_WARN_OBJC_ROOT_CLASS = YES_ERROR;
				CLANG_WARN_QUOTED_INCLUDE_IN_FRAMEWORK_HEADER = YES;
				CLANG_WARN_RANGE_LOOP_ANALYSIS = YES;
				CLANG_WARN_STRICT_PROTOTYPES = YES;
				CLANG_WARN_SUSPICIOUS_MOVE = YES;
				CLANG_WARN_UNGUARDED_AVAILABILITY = YES_AGGRESSIVE;
				CLANG_WARN_UNREACHABLE_CODE = YES;
				CLANG_WARN__DUPLICATE_METHOD_MATCH = YES;
				COPY_PHASE_STRIP = NO;
				DEAD_CODE_STRIPPING = YES;
				DEBUG_INFORMATION_FORMAT = dwarf;
				ENABLE_STRICT_OBJC_MSGSEND = YES;
				ENABLE_TESTABILITY = YES;
				ENABLE_USER_SCRIPT_SANDBOXING = YES;
				GCC_C_LANGUAGE_STANDARD = c99;
				GCC_DYNAMIC_NO_PIC = NO;
				GCC_NO_COMMON_BLOCKS = YES;
				GCC_OPTIMIZATION_LEVEL = 0;
				GCC_PREPROCESSOR_DEFINITIONS = (
					"DEBUG=1",
					"$(inherited)",
				);
				GCC_WARN_64_TO_32_BIT_CONVERSION = YES;
				GCC_WARN_ABOUT_RETURN_TYPE = YES_ERROR;
				GCC_WARN_PEDANTIC = NO;
				GCC_WARN_UNDECLARED_SELECTOR = YES;
				GCC_WARN_UNINITIALIZED_AUTOS = YES_AGGRESSIVE;
				GCC_WARN_UNUSED_FUNCTION = YES;
				GCC_WARN_UNUSED_VARIABLE = YES;
				LOCALIZATION_PREFERS_STRING_CATALOGS = YES;
				MACOSX_DEPLOYMENT_TARGET = 14.4;
				MTL_ENABLE_DEBUG_INFO = INCLUDE_SOURCE;
				MTL_FAST_MATH = YES;
				ONLY_ACTIVE_ARCH = YES;
				SDKROOT = macosx;
			};
			name = Debug;
		};
		914B9CD02BF294740021E8AB /* Release */ = {
			isa = XCBuildConfiguration;
			buildSettings = {
				ALWAYS_SEARCH_USER_PATHS = NO;
				ASSETCATALOG_COMPILER_GENERATE_SWIFT_ASSET_SYMBOL_EXTENSIONS = YES;
				CLANG_ANALYZER_NONNULL = YES;
				CLANG_ANALYZER_NUMBER_OBJECT_CONVERSION = YES_AGGRESSIVE;
				CLANG_CXX_LANGUAGE_STANDARD = "gnu++20";
				CLANG_ENABLE_MODULES = YES;
				CLANG_ENABLE_OBJC_ARC = YES;
				CLANG_ENABLE_OBJC_WEAK = YES;
				CLANG_WARN_BLOCK_CAPTURE_AUTORELEASING = YES;
				CLANG_WARN_BOOL_CONVERSION = YES;
				CLANG_WARN_COMMA = YES;
				CLANG_WARN_CONSTANT_CONVERSION = YES;
				CLANG_WARN_DEPRECATED_OBJC_IMPLEMENTATIONS = YES;
				CLANG_WARN_DIRECT_OBJC_ISA_USAGE = YES_ERROR;
				CLANG_WARN_DOCUMENTATION_COMMENTS = YES;
				CLANG_WARN_EMPTY_BODY = YES;
				CLANG_WARN_ENUM_CONVERSION = YES;
				CLANG_WARN_INFINITE_RECURSION = YES;
				CLANG_WARN_INT_CONVERSION = YES;
				CLANG_WARN_NON_LITERAL_NULL_CONVERSION = YES;
				CLANG_WARN_OBJC_IMPLICIT_RETAIN_SELF = YES;
				CLANG_WARN_OBJC_LITERAL_CONVERSION = YES;
				CLANG_WARN_OBJC_ROOT_CLASS = YES_ERROR;
				CLANG_WARN_QUOTED_INCLUDE_IN_FRAMEWORK_HEADER = YES;
				CLANG_WARN_RANGE_LOOP_ANALYSIS = YES;
				CLANG_WARN_STRICT_PROTOTYPES = YES;
				CLANG_WARN_SUSPICIOUS_MOVE = YES;
				CLANG_WARN_UNGUARDED_AVAILABILITY = YES_AGGRESSIVE;
				CLANG_WARN_UNREACHABLE_CODE = YES;
				CLANG_WARN__DUPLICATE_METHOD_MATCH = YES;
				COPY_PHASE_STRIP = NO;
				DEAD_CODE_STRIPPING = YES;
				DEBUG_INFORMATION_FORMAT = "dwarf-with-dsym";
				ENABLE_NS_ASSERTIONS = NO;
				ENABLE_STRICT_OBJC_MSGSEND = YES;
				ENABLE_USER_SCRIPT_SANDBOXING = YES;
				GCC_C_LANGUAGE_STANDARD = c99;
				GCC_NO_COMMON_BLOCKS = YES;
				GCC_WARN_64_TO_32_BIT_CONVERSION = YES;
				GCC_WARN_ABOUT_RETURN_TYPE = YES_ERROR;
				GCC_WARN_PEDANTIC = NO;
				GCC_WARN_UNDECLARED_SELECTOR = YES;
				GCC_WARN_UNINITIALIZED_AUTOS = YES_AGGRESSIVE;
				GCC_WARN_UNUSED_FUNCTION = YES;
				GCC_WARN_UNUSED_VARIABLE = YES;
				LOCALIZATION_PREFERS_STRING_CATALOGS = YES;
				MACOSX_DEPLOYMENT_TARGET = 14.4;
				MTL_ENABLE_DEBUG_INFO = NO;
				MTL_FAST_MATH = YES;
				SDKROOT = macosx;
			};
			name = Release;
		};
		914B9CD22BF294740021E8AB /* Debug */ = {
			isa = XCBuildConfiguration;
			buildSettings = {
				CODE_SIGN_STYLE = Automatic;
				DEAD_CODE_STRIPPING = YES;
				"HEADER_SEARCH_PATHS[arch=*]" = /opt/brew/include/SDL2;
				LIBRARY_SEARCH_PATHS = (
					"$(inherited)",
					/opt/brew/Cellar/sdl2/2.30.3/lib,
				);
				"LIBRARY_SEARCH_PATHS[arch=*]" = /opt/brew/lib;
				PRODUCT_NAME = "$(TARGET_NAME)";
			};
			name = Debug;
		};
		914B9CD32BF294740021E8AB /* Release */ = {
			isa = XCBuildConfiguration;
			buildSettings = {
				CODE_SIGN_STYLE = Automatic;
				DEAD_CODE_STRIPPING = YES;
				"HEADER_SEARCH_PATHS[arch=*]" = /opt/brew/include/SDL2;
				LIBRARY_SEARCH_PATHS = (
					"$(inherited)",
					/opt/brew/Cellar/sdl2/2.30.3/lib,
				);
				"LIBRARY_SEARCH_PATHS[arch=*]" = /opt/brew/lib;
				PRODUCT_NAME = "$(TARGET_NAME)";
			};
			name = Release;
		};
/* End XCBuildConfiguration section */

/* Begin XCConfigurationList section */
		914B9CC52BF294740021E8AB /* Build configuration list for PBXProject "3drenderer" */ = {
			isa = XCConfigurationList;
			buildConfigurations = (
				914B9CCF2BF294740021E8AB /* Debug */,
				914B9CD02BF294740021E8AB /* Release */,
			);
			defaultConfigurationIsVisible = 0;
			defaultConfigurationName = Release;
		};
		914B9CD12BF294740021E8AB /* Build configuration list for PBXNativeTarget "3drenderer" */ = {
			isa = XCConfigurationList;
			buildConfigurations = (
				914B9CD22BF294740021E8AB /* Debug */,
				914B9CD32BF294740021E8AB /* Release */,
			);
			defaultConfigurationIsVisible = 0;
			defaultConfigurationName = Release;
		};
/* End XCConfigurationList section */
	};
	rootObject = 914B9CC22BF294740021E8AB /* Project object */;
}
